// !$*UTF8*$!
{
	archiveVersion = 1;
	classes = {
	};
	objectVersion = 46;
	objects = {

/* Begin PBXBuildFile section */
		17B5C24F0DD039C7E6674DEF /* NSStringTests.m in Sources */ = {isa = PBXBuildFile; fileRef = 17B5C003F6CEE2FBC2D431ED /* NSStringTests.m */; };
		17B5C412CD942E78D7A2601F /* propertyTests.m in Sources */ = {isa = PBXBuildFile; fileRef = 17B5C065029ED1C3FC0D43D3 /* propertyTests.m */; };
		17B5C8D89C9D107E325C923B /* NSDictionaryTests.m in Sources */ = {isa = PBXBuildFile; fileRef = 17B5C9924C88DC5803C4D5EE /* NSDictionaryTests.m */; };
		17B5CA0F79EEB67AA69F105E /* NSArrayTests.m in Sources */ = {isa = PBXBuildFile; fileRef = 17B5C5C37025766055D806E3 /* NSArrayTests.m */; };
		17B5CAA0604B6725F24E6764 /* NSSetTests.m in Sources */ = {isa = PBXBuildFile; fileRef = 17B5CEC1EE55FDFBB0DC1772 /* NSSetTests.m */; };
		73098247171EE0AF009C3C36 /* OCHamcrestIOS.framework in Frameworks */ = {isa = PBXBuildFile; fileRef = 73098246171EE0AF009C3C36 /* OCHamcrestIOS.framework */; };
		9A06130554F628CA509CAD95 /* SenTestingKit.framework in Frameworks */ = {isa = PBXBuildFile; fileRef = 9A06130554F628CA509CAD94 /* SenTestingKit.framework */; };
		9A06130554F628CA509CAD96 /* UIKit.framework in Frameworks */ = {isa = PBXBuildFile; fileRef = 9A06130554F628CA509CAD79 /* UIKit.framework */; };
		9A06130554F628CA509CAD97 /* Foundation.framework in Frameworks */ = {isa = PBXBuildFile; fileRef = 9A06130554F628CA509CAD7B /* Foundation.framework */; };
		9A06130554F628CA509CAD9F /* InfoPlist.strings in Resources */ = {isa = PBXBuildFile; fileRef = 9A06130554F628CA509CAD9E /* InfoPlist.strings */; };
/* End PBXBuildFile section */

/* Begin PBXFileReference section */
		17B5C003F6CEE2FBC2D431ED /* NSStringTests.m */ = {isa = PBXFileReference; fileEncoding = 4; lastKnownFileType = sourcecode.c.objc; path = NSStringTests.m; sourceTree = "<group>"; };
		17B5C065029ED1C3FC0D43D3 /* propertyTests.m */ = {isa = PBXFileReference; fileEncoding = 4; lastKnownFileType = sourcecode.c.objc; path = propertyTests.m; sourceTree = "<group>"; };
		17B5C1093CCE9FAA46228C22 /* NSArrayTests.h */ = {isa = PBXFileReference; fileEncoding = 4; lastKnownFileType = sourcecode.c.h; path = NSArrayTests.h; sourceTree = "<group>"; };
		17B5C334865E92027683A7ED /* NSDictionaryTests.h */ = {isa = PBXFileReference; fileEncoding = 4; lastKnownFileType = sourcecode.c.h; path = NSDictionaryTests.h; sourceTree = "<group>"; };
		17B5C43C9ECD00DF8CA2A806 /* NSSetTests.h */ = {isa = PBXFileReference; fileEncoding = 4; lastKnownFileType = sourcecode.c.h; path = NSSetTests.h; sourceTree = "<group>"; };
		17B5C51FFB1A1B754C838937 /* objc-assessment-Prefix.pch */ = {isa = PBXFileReference; fileEncoding = 4; lastKnownFileType = sourcecode.c.h; path = "objc-assessment-Prefix.pch"; sourceTree = "<group>"; };
		17B5C53C1ED8255F559EFBFB /* NSStringTests.h */ = {isa = PBXFileReference; fileEncoding = 4; lastKnownFileType = sourcecode.c.h; path = NSStringTests.h; sourceTree = "<group>"; };
		17B5C5C37025766055D806E3 /* NSArrayTests.m */ = {isa = PBXFileReference; fileEncoding = 4; lastKnownFileType = sourcecode.c.objc; path = NSArrayTests.m; sourceTree = "<group>"; };
		17B5C95F968D525BC977823E /* propertyTests.h */ = {isa = PBXFileReference; fileEncoding = 4; lastKnownFileType = sourcecode.c.h; path = propertyTests.h; sourceTree = "<group>"; };
		17B5C9924C88DC5803C4D5EE /* NSDictionaryTests.m */ = {isa = PBXFileReference; fileEncoding = 4; lastKnownFileType = sourcecode.c.objc; path = NSDictionaryTests.m; sourceTree = "<group>"; };
		17B5CEC1EE55FDFBB0DC1772 /* NSSetTests.m */ = {isa = PBXFileReference; fileEncoding = 4; lastKnownFileType = sourcecode.c.objc; path = NSSetTests.m; sourceTree = "<group>"; };
		73098246171EE0AF009C3C36 /* OCHamcrestIOS.framework */ = {isa = PBXFileReference; lastKnownFileType = wrapper.framework; path = OCHamcrestIOS.framework; sourceTree = "<group>"; };
		9A06130554F628CA509CAD79 /* UIKit.framework */ = {isa = PBXFileReference; lastKnownFileType = wrapper.framework; name = UIKit.framework; path = System/Library/Frameworks/UIKit.framework; sourceTree = SDKROOT; };
		9A06130554F628CA509CAD7B /* Foundation.framework */ = {isa = PBXFileReference; lastKnownFileType = wrapper.framework; name = Foundation.framework; path = System/Library/Frameworks/Foundation.framework; sourceTree = SDKROOT; };
		9A06130554F628CA509CAD7D /* CoreGraphics.framework */ = {isa = PBXFileReference; lastKnownFileType = wrapper.framework; name = CoreGraphics.framework; path = System/Library/Frameworks/CoreGraphics.framework; sourceTree = SDKROOT; };
		9A06130554F628CA509CAD8B /* Tests.octest */ = {isa = PBXFileReference; explicitFileType = wrapper.cfbundle; includeInIndex = 0; path = Tests.octest; sourceTree = BUILT_PRODUCTS_DIR; };
		9A06130554F628CA509CAD94 /* SenTestingKit.framework */ = {isa = PBXFileReference; lastKnownFileType = wrapper.framework; name = SenTestingKit.framework; path = Library/Frameworks/SenTestingKit.framework; sourceTree = DEVELOPER_DIR; };
		9A06130554F628CA509CAD9C /* Tests-Info.plist */ = {isa = PBXFileReference; lastKnownFileType = text.plist.info; path = "Tests-Info.plist"; sourceTree = "<group>"; };
		9A06130554F628CA509CAD9D /* en */ = {isa = PBXFileReference; lastKnownFileType = text.plist.strings; name = en; path = en.lproj/InfoPlist.strings; sourceTree = "<group>"; };
/* End PBXFileReference section */

/* Begin PBXFrameworksBuildPhase section */
		9A06130554F628CA509CAD91 /* Frameworks */ = {
			isa = PBXFrameworksBuildPhase;
			buildActionMask = 2147483647;
			files = (
				9A06130554F628CA509CAD95 /* SenTestingKit.framework in Frameworks */,
				9A06130554F628CA509CAD96 /* UIKit.framework in Frameworks */,
				9A06130554F628CA509CAD97 /* Foundation.framework in Frameworks */,
				73098247171EE0AF009C3C36 /* OCHamcrestIOS.framework in Frameworks */,
			);
			runOnlyForDeploymentPostprocessing = 0;
		};
/* End PBXFrameworksBuildPhase section */

/* Begin PBXGroup section */
		17B5C247FC2EFAD6134D0937 /* NSString */ = {
			isa = PBXGroup;
			children = (
				17B5C53C1ED8255F559EFBFB /* NSStringTests.h */,
				17B5C003F6CEE2FBC2D431ED /* NSStringTests.m */,
			);
			path = NSString;
			sourceTree = "<group>";
		};
		17B5C968242FD99778A24891 /* NSArray */ = {
			isa = PBXGroup;
			children = (
				17B5C5C37025766055D806E3 /* NSArrayTests.m */,
				17B5C1093CCE9FAA46228C22 /* NSArrayTests.h */,
			);
			path = NSArray;
			sourceTree = "<group>";
		};
		17B5C9E76A458C3EF522E42C /* Property */ = {
			isa = PBXGroup;
			children = (
				17B5C95F968D525BC977823E /* propertyTests.h */,
				17B5C065029ED1C3FC0D43D3 /* propertyTests.m */,
			);
			path = Property;
			sourceTree = "<group>";
		};
		17B5CAF11A95895C194B8A33 /* NSDictionary */ = {
			isa = PBXGroup;
			children = (
				17B5C334865E92027683A7ED /* NSDictionaryTests.h */,
				17B5C9924C88DC5803C4D5EE /* NSDictionaryTests.m */,
			);
			path = NSDictionary;
			sourceTree = "<group>";
		};
		17B5CC4D6A94FEF3F5A1411C /* NSSet */ = {
			isa = PBXGroup;
			children = (
				17B5C43C9ECD00DF8CA2A806 /* NSSetTests.h */,
				17B5CEC1EE55FDFBB0DC1772 /* NSSetTests.m */,
			);
			path = NSSet;
			sourceTree = "<group>";
		};
		9A06130554F628CA509CAD6C = {
			isa = PBXGroup;
			children = (
				9A06130554F628CA509CAD6D /* Products */,
				9A06130554F628CA509CAD78 /* Frameworks */,
				9A06130554F628CA509CAD9A /* Tests */,
			);
			sourceTree = "<group>";
		};
		9A06130554F628CA509CAD6D /* Products */ = {
			isa = PBXGroup;
			children = (
				9A06130554F628CA509CAD8B /* Tests.octest */,
			);
			name = Products;
			sourceTree = "<group>";
		};
		9A06130554F628CA509CAD78 /* Frameworks */ = {
			isa = PBXGroup;
			children = (
				73098246171EE0AF009C3C36 /* OCHamcrestIOS.framework */,
				9A06130554F628CA509CAD94 /* SenTestingKit.framework */,
				9A06130554F628CA509CAD7D /* CoreGraphics.framework */,
				9A06130554F628CA509CAD7B /* Foundation.framework */,
				9A06130554F628CA509CAD79 /* UIKit.framework */,
			);
			name = Frameworks;
			sourceTree = "<group>";
		};
		9A06130554F628CA509CAD9A /* Tests */ = {
			isa = PBXGroup;
			children = (
				9A06130554F628CA509CAD9B /* Supporting Files */,
				17B5C968242FD99778A24891 /* NSArray */,
				17B5CAF11A95895C194B8A33 /* NSDictionary */,
				17B5CC4D6A94FEF3F5A1411C /* NSSet */,
				17B5C247FC2EFAD6134D0937 /* NSString */,
				17B5C9E76A458C3EF522E42C /* Property */,
			);
			path = Tests;
			sourceTree = "<group>";
		};
		9A06130554F628CA509CAD9B /* Supporting Files */ = {
			isa = PBXGroup;
			children = (
				17B5C51FFB1A1B754C838937 /* objc-assessment-Prefix.pch */,
				9A06130554F628CA509CAD9E /* InfoPlist.strings */,
				9A06130554F628CA509CAD9C /* Tests-Info.plist */,
			);
			name = "Supporting Files";
			sourceTree = "<group>";
		};
/* End PBXGroup section */

/* Begin PBXNativeTarget section */
		9A06130554F628CA509CAD8C /* Tests */ = {
			isa = PBXNativeTarget;
			buildConfigurationList = 9A06130554F628CA509CAD8D /* Build configuration list for PBXNativeTarget "Tests" */;
			buildPhases = (
				9A06130554F628CA509CAD90 /* Sources */,
				9A06130554F628CA509CAD91 /* Frameworks */,
				9A06130554F628CA509CAD92 /* Resources */,
				73098248171EE192009C3C36 /* ShellScript */,
				9A06130554F628CA509CAD93 /* ShellScript */,
			);
			buildRules = (
			);
			dependencies = (
			);
			name = Tests;
			productName = "objc-assessmentTests";
			productReference = 9A06130554F628CA509CAD8B /* Tests.octest */;
			productType = "com.apple.product-type.bundle";
		};
/* End PBXNativeTarget section */

/* Begin PBXProject section */
		9A06130554F628CA509CAD6A /* Project object */ = {
			isa = PBXProject;
			buildConfigurationList = 9A06130554F628CA509CAD6B /* Build configuration list for PBXProject "objc-assessment" */;
			compatibilityVersion = "Xcode 3.2";
			developmentRegion = English;
			hasScannedForEncodings = 0;
			knownRegions = (
				en,
			);
			mainGroup = 9A06130554F628CA509CAD6C;
			productRefGroup = 9A06130554F628CA509CAD6D /* Products */;
			projectDirPath = "";
			projectRoot = "";
			targets = (
				9A06130554F628CA509CAD8C /* Tests */,
			);
		};
/* End PBXProject section */

/* Begin PBXResourcesBuildPhase section */
		9A06130554F628CA509CAD92 /* Resources */ = {
			isa = PBXResourcesBuildPhase;
			buildActionMask = 2147483647;
			files = (
				9A06130554F628CA509CAD9F /* InfoPlist.strings in Resources */,
			);
			runOnlyForDeploymentPostprocessing = 0;
		};
/* End PBXResourcesBuildPhase section */

/* Begin PBXShellScriptBuildPhase section */
		73098248171EE192009C3C36 /* ShellScript */ = {
			isa = PBXShellScriptBuildPhase;
			buildActionMask = 2147483647;
			files = (
			);
			inputPaths = (
			);
			outputPaths = (
			);
			runOnlyForDeploymentPostprocessing = 0;
			shellPath = /bin/sh;
			shellScript = "KEYWORDS=\"TODO|FIXME|\\?\\?\\?:|\\!\\!\\!:\"\nfind ${SRCROOT} \\( -name \"*.h\" -or -name \"*.m\" \\) -print0 | \\\nxargs -0 egrep --with-filename --line-number --only-matching \"($KEYWORDS).*\\$\" | \\\nperl -p -e \"s/($KEYWORDS)/ warning: \\$1/\"\n";
		};
		9A06130554F628CA509CAD93 /* ShellScript */ = {
			isa = PBXShellScriptBuildPhase;
			buildActionMask = 2147483647;
			files = (
			);
			inputPaths = (
			);
			outputPaths = (
			);
			runOnlyForDeploymentPostprocessing = 0;
			shellPath = /bin/sh;
			shellScript = "# Run the unit tests in this test bundle.\n\"${SYSTEM_DEVELOPER_DIR}/Tools/RunUnitTests\"\n";
		};
/* End PBXShellScriptBuildPhase section */

/* Begin PBXSourcesBuildPhase section */
		9A06130554F628CA509CAD90 /* Sources */ = {
			isa = PBXSourcesBuildPhase;
			buildActionMask = 2147483647;
			files = (
				17B5CA0F79EEB67AA69F105E /* NSArrayTests.m in Sources */,
				17B5C8D89C9D107E325C923B /* NSDictionaryTests.m in Sources */,
				17B5CAA0604B6725F24E6764 /* NSSetTests.m in Sources */,
				17B5C24F0DD039C7E6674DEF /* NSStringTests.m in Sources */,
				17B5C412CD942E78D7A2601F /* propertyTests.m in Sources */,
			);
			runOnlyForDeploymentPostprocessing = 0;
		};
/* End PBXSourcesBuildPhase section */

/* Begin PBXVariantGroup section */
		9A06130554F628CA509CAD9E /* InfoPlist.strings */ = {
			isa = PBXVariantGroup;
			children = (
				9A06130554F628CA509CAD9D /* en */,
			);
			name = InfoPlist.strings;
			sourceTree = "<group>";
		};
/* End PBXVariantGroup section */

/* Begin XCBuildConfiguration section */
		9A06130554F628CA509CAD6E /* Release */ = {
			isa = XCBuildConfiguration;
			buildSettings = {
				ALWAYS_SEARCH_USER_PATHS = NO;
				ARCHS = "$(ARCHS_STANDARD_32_BIT)";
				CLANG_ENABLE_OBJC_ARC = YES;
				"CODE_SIGN_IDENTITY[sdk=iphoneos*]" = "iPhone Developer";
				COPY_PHASE_STRIP = YES;
				GCC_C_LANGUAGE_STANDARD = gnu99;
				GCC_VERSION = com.apple.compilers.llvm.clang.1_0;
				GCC_WARN_ABOUT_RETURN_TYPE = YES;
				GCC_WARN_UNINITIALIZED_AUTOS = YES;
				GCC_WARN_UNUSED_VARIABLE = YES;
				IPHONEOS_DEPLOYMENT_TARGET = 5.1;
				OTHER_CFLAGS = "-DNS_BLOCK_ASSERTIONS=1";
				SDKROOT = iphoneos;
				VALIDATE_PRODUCT = YES;
			};
			name = Release;
		};
		9A06130554F628CA509CAD6F /* Debug */ = {
			isa = XCBuildConfiguration;
			buildSettings = {
				ALWAYS_SEARCH_USER_PATHS = NO;
				ARCHS = "$(ARCHS_STANDARD_32_BIT)";
				CLANG_ENABLE_OBJC_ARC = YES;
				"CODE_SIGN_IDENTITY[sdk=iphoneos*]" = "iPhone Developer";
				COPY_PHASE_STRIP = NO;
				GCC_C_LANGUAGE_STANDARD = gnu99;
				GCC_DYNAMIC_NO_PIC = NO;
				GCC_OPTIMIZATION_LEVEL = 0;
				GCC_PREPROCESSOR_DEFINITIONS = (
					"DEBUG=1",
					"$(inherited)",
				);
				GCC_SYMBOLS_PRIVATE_EXTERN = NO;
				GCC_VERSION = com.apple.compilers.llvm.clang.1_0;
				GCC_WARN_ABOUT_RETURN_TYPE = YES;
				GCC_WARN_UNINITIALIZED_AUTOS = YES;
				GCC_WARN_UNUSED_VARIABLE = YES;
				IPHONEOS_DEPLOYMENT_TARGET = 5.1;
				SDKROOT = iphoneos;
			};
			name = Debug;
		};
		9A06130554F628CA509CAD8E /* Release */ = {
			isa = XCBuildConfiguration;
			buildSettings = {
				CLANG_ENABLE_OBJC_ARC = YES;
				FRAMEWORK_SEARCH_PATHS = (
					"$(SDKROOT)/Developer/Library/Frameworks",
					"$(DEVELOPER_LIBRARY_DIR)/Frameworks",
					"\"$(SRCROOT)\"",
				);
				GCC_PRECOMPILE_PREFIX_HEADER = YES;
				GCC_PREFIX_HEADER = "Tests/objc-assessment-Prefix.pch";
				GCC_WARN_UNUSED_VALUE = NO;
				GCC_WARN_UNUSED_VARIABLE = NO;
				INFOPLIST_FILE = "Tests/Tests-Info.plist";
				PRODUCT_NAME = "$(TARGET_NAME)";
				TEST_HOST = "$(BUNDLE_LOADER)";
				WRAPPER_EXTENSION = octest;
			};
			name = Release;
		};
		9A06130554F628CA509CAD8F /* Debug */ = {
			isa = XCBuildConfiguration;
			buildSettings = {
				CLANG_ENABLE_OBJC_ARC = YES;
				FRAMEWORK_SEARCH_PATHS = (
					"$(SDKROOT)/Developer/Library/Frameworks",
					"$(DEVELOPER_LIBRARY_DIR)/Frameworks",
					"\"$(SRCROOT)\"",
				);
				GCC_PRECOMPILE_PREFIX_HEADER = YES;
				GCC_PREFIX_HEADER = "Tests/objc-assessment-Prefix.pch";
				GCC_WARN_UNUSED_VALUE = NO;
				GCC_WARN_UNUSED_VARIABLE = NO;
				INFOPLIST_FILE = "Tests/Tests-Info.plist";
				PRODUCT_NAME = "$(TARGET_NAME)";
				TEST_HOST = "$(BUNDLE_LOADER)";
				WRAPPER_EXTENSION = octest;
			};
			name = Debug;
		};
/* End XCBuildConfiguration section */

/* Begin XCConfigurationList section */
		9A06130554F628CA509CAD6B /* Build configuration list for PBXProject "objc-assessment" */ = {
			isa = XCConfigurationList;
			buildConfigurations = (
				9A06130554F628CA509CAD6E /* Release */,
				9A06130554F628CA509CAD6F /* Debug */,
			);
			defaultConfigurationIsVisible = 0;
			defaultConfigurationName = Release;
		};
		9A06130554F628CA509CAD8D /* Build configuration list for PBXNativeTarget "Tests" */ = {
			isa = XCConfigurationList;
			buildConfigurations = (
				9A06130554F628CA509CAD8E /* Release */,
				9A06130554F628CA509CAD8F /* Debug */,
			);
			defaultConfigurationIsVisible = 0;
			defaultConfigurationName = Release;
		};
/* End XCConfigurationList section */
	};
	rootObject = 9A06130554F628CA509CAD6A /* Project object */;
}
